Microsoft Visual Studio Solution File, Format Version 12.00
# Visual Studio 14
Project("{8BC9CEB8-8B4A-11D0-8D11-00A0C91BC942}") = "ALL_BUILD", "ALL_BUILD.vcxproj", "{9EB2C147-A17D-3C16-9BD7-E7A009EB25EC}"
	ProjectSection(ProjectDependencies) = postProject
		{2E394598-3F7B-397E-8E10-D1D7A0636F39} = {2E394598-3F7B-397E-8E10-D1D7A0636F39}
		{63843BD8-10CE-3E73-ACFF-3CC46BE573F5} = {63843BD8-10CE-3E73-ACFF-3CC46BE573F5}
		{F3D9F05A-BFA5-3EBE-A025-2F5341093E78} = {F3D9F05A-BFA5-3EBE-A025-2F5341093E78}
		{7663DBF0-1F58-3030-BA60-D341608B5411} = {7663DBF0-1F58-3030-BA60-D341608B5411}
		{F4242D5C-6520-3654-9F58-45948A66F0A2} = {F4242D5C-6520-3654-9F58-45948A66F0A2}
		{EFD6DB63-F8F0-32F6-AD7B-E7444F2B8EFC} = {EFD6DB63-F8F0-32F6-AD7B-E7444F2B8EFC}
		{35F4A5B1-EC21-3CB9-AB1D-10B41A82CB96} = {35F4A5B1-EC21-3CB9-AB1D-10B41A82CB96}
		{FB816858-489B-3ACE-9410-6F7E644E72A0} = {FB816858-489B-3ACE-9410-6F7E644E72A0}
		{5ACB9CD1-7FC0-3326-997C-B0B044CA9D8F} = {5ACB9CD1-7FC0-3326-997C-B0B044CA9D8F}
		{E1488C29-C021-3B9E-92A2-5268576733DB} = {E1488C29-C021-3B9E-92A2-5268576733DB}
	EndProjectSection
EndProject
Project("{8BC9CEB8-8B4A-11D0-8D11-00A0C91BC942}") = "ZERO_CHECK", "ZERO_CHECK.vcxproj", "{2E394598-3F7B-397E-8E10-D1D7A0636F39}"
	ProjectSection(ProjectDependencies) = postProject
	EndProjectSection
EndProject
Project("{8BC9CEB8-8B4A-11D0-8D11-00A0C91BC942}") = "cv_cmdusage", "prj\tutorials\cv_cmdusage.vcxproj", "{63843BD8-10CE-3E73-ACFF-3CC46BE573F5}"
	ProjectSection(ProjectDependencies) = postProject
		{2E394598-3F7B-397E-8E10-D1D7A0636F39} = {2E394598-3F7B-397E-8E10-D1D7A0636F39}
	EndProjectSection
EndProject
Project("{8BC9CEB8-8B4A-11D0-8D11-00A0C91BC942}") = "cv_drawing_circle", "prj\tutorials\cv_drawing_circle.vcxproj", "{F3D9F05A-BFA5-3EBE-A025-2F5341093E78}"
	ProjectSection(ProjectDependencies) = postProject
		{2E394598-3F7B-397E-8E10-D1D7A0636F39} = {2E394598-3F7B-397E-8E10-D1D7A0636F39}
	EndProjectSection
EndProject
Project("{8BC9CEB8-8B4A-11D0-8D11-00A0C91BC942}") = "cv_drawing_line", "prj\tutorials\cv_drawing_line.vcxproj", "{7663DBF0-1F58-3030-BA60-D341608B5411}"
	ProjectSection(ProjectDependencies) = postProject
		{2E394598-3F7B-397E-8E10-D1D7A0636F39} = {2E394598-3F7B-397E-8E10-D1D7A0636F39}
	EndProjectSection
EndProject
Project("{8BC9CEB8-8B4A-11D0-8D11-00A0C91BC942}") = "cv_gui_imageblendig", "prj\tutorials\cv_gui_imageblendig.vcxproj", "{F4242D5C-6520-3654-9F58-45948A66F0A2}"
	ProjectSection(ProjectDependencies) = postProject
		{2E394598-3F7B-397E-8E10-D1D7A0636F39} = {2E394598-3F7B-397E-8E10-D1D7A0636F39}
	EndProjectSection
EndProject
Project("{8BC9CEB8-8B4A-11D0-8D11-00A0C91BC942}") = "cv_hello_word", "prj\cv_hello_word\cv_hello_word.vcxproj", "{EFD6DB63-F8F0-32F6-AD7B-E7444F2B8EFC}"
	ProjectSection(ProjectDependencies) = postProject
		{2E394598-3F7B-397E-8E10-D1D7A0636F39} = {2E394598-3F7B-397E-8E10-D1D7A0636F39}
	EndProjectSection
EndProject
Project("{8BC9CEB8-8B4A-11D0-8D11-00A0C91BC942}") = "cv_image_info", "prj\tutorials\cv_image_info.vcxproj", "{35F4A5B1-EC21-3CB9-AB1D-10B41A82CB96}"
	ProjectSection(ProjectDependencies) = postProject
		{2E394598-3F7B-397E-8E10-D1D7A0636F39} = {2E394598-3F7B-397E-8E10-D1D7A0636F39}
	EndProjectSection
EndProject
Project("{8BC9CEB8-8B4A-11D0-8D11-00A0C91BC942}") = "cv_imread", "prj\tutorials\cv_imread.vcxproj", "{FB816858-489B-3ACE-9410-6F7E644E72A0}"
	ProjectSection(ProjectDependencies) = postProject
		{2E394598-3F7B-397E-8E10-D1D7A0636F39} = {2E394598-3F7B-397E-8E10-D1D7A0636F39}
	EndProjectSection
EndProject
Project("{8BC9CEB8-8B4A-11D0-8D11-00A0C91BC942}") = "cv_imwrite", "prj\tutorials\cv_imwrite.vcxproj", "{5ACB9CD1-7FC0-3326-997C-B0B044CA9D8F}"
	ProjectSection(ProjectDependencies) = postProject
		{2E394598-3F7B-397E-8E10-D1D7A0636F39} = {2E394598-3F7B-397E-8E10-D1D7A0636F39}
	EndProjectSection
EndProject
Project("{8BC9CEB8-8B4A-11D0-8D11-00A0C91BC942}") = "cv_mat_create_print", "prj\tutorials\cv_mat_create_print.vcxproj", "{E1488C29-C021-3B9E-92A2-5268576733DB}"
	ProjectSection(ProjectDependencies) = postProject
		{2E394598-3F7B-397E-8E10-D1D7A0636F39} = {2E394598-3F7B-397E-8E10-D1D7A0636F39}
	EndProjectSection
EndProject
Global
	GlobalSection(SolutionConfigurationPlatforms) = preSolution
		Debug|x64 = Debug|x64
		Release|x64 = Release|x64
		MinSizeRel|x64 = MinSizeRel|x64
		RelWithDebInfo|x64 = RelWithDebInfo|x64
	EndGlobalSection
	GlobalSection(ProjectConfigurationPlatforms) = postSolution
		{9EB2C147-A17D-3C16-9BD7-E7A009EB25EC}.Debug|x64.ActiveCfg = Debug|x64
		{9EB2C147-A17D-3C16-9BD7-E7A009EB25EC}.Release|x64.ActiveCfg = Release|x64
		{9EB2C147-A17D-3C16-9BD7-E7A009EB25EC}.MinSizeRel|x64.ActiveCfg = MinSizeRel|x64
		{9EB2C147-A17D-3C16-9BD7-E7A009EB25EC}.RelWithDebInfo|x64.ActiveCfg = RelWithDebInfo|x64
		{2E394598-3F7B-397E-8E10-D1D7A0636F39}.Debug|x64.ActiveCfg = Debug|x64
		{2E394598-3F7B-397E-8E10-D1D7A0636F39}.Debug|x64.Build.0 = Debug|x64
		{2E394598-3F7B-397E-8E10-D1D7A0636F39}.Release|x64.ActiveCfg = Release|x64
		{2E394598-3F7B-397E-8E10-D1D7A0636F39}.Release|x64.Build.0 = Release|x64
		{2E394598-3F7B-397E-8E10-D1D7A0636F39}.MinSizeRel|x64.ActiveCfg = MinSizeRel|x64
		{2E394598-3F7B-397E-8E10-D1D7A0636F39}.MinSizeRel|x64.Build.0 = MinSizeRel|x64
		{2E394598-3F7B-397E-8E10-D1D7A0636F39}.RelWithDebInfo|x64.ActiveCfg = RelWithDebInfo|x64
		{2E394598-3F7B-397E-8E10-D1D7A0636F39}.RelWithDebInfo|x64.Build.0 = RelWithDebInfo|x64
		{63843BD8-10CE-3E73-ACFF-3CC46BE573F5}.Debug|x64.ActiveCfg = Debug|x64
		{63843BD8-10CE-3E73-ACFF-3CC46BE573F5}.Debug|x64.Build.0 = Debug|x64
		{63843BD8-10CE-3E73-ACFF-3CC46BE573F5}.Release|x64.ActiveCfg = Release|x64
		{63843BD8-10CE-3E73-ACFF-3CC46BE573F5}.Release|x64.Build.0 = Release|x64
		{63843BD8-10CE-3E73-ACFF-3CC46BE573F5}.MinSizeRel|x64.ActiveCfg = MinSizeRel|x64
		{63843BD8-10CE-3E73-ACFF-3CC46BE573F5}.MinSizeRel|x64.Build.0 = MinSizeRel|x64
		{63843BD8-10CE-3E73-ACFF-3CC46BE573F5}.RelWithDebInfo|x64.ActiveCfg = RelWithDebInfo|x64
		{63843BD8-10CE-3E73-ACFF-3CC46BE573F5}.RelWithDebInfo|x64.Build.0 = RelWithDebInfo|x64
		{F3D9F05A-BFA5-3EBE-A025-2F5341093E78}.Debug|x64.ActiveCfg = Debug|x64
		{F3D9F05A-BFA5-3EBE-A025-2F5341093E78}.Debug|x64.Build.0 = Debug|x64
		{F3D9F05A-BFA5-3EBE-A025-2F5341093E78}.Release|x64.ActiveCfg = Release|x64
		{F3D9F05A-BFA5-3EBE-A025-2F5341093E78}.Release|x64.Build.0 = Release|x64
		{F3D9F05A-BFA5-3EBE-A025-2F5341093E78}.MinSizeRel|x64.ActiveCfg = MinSizeRel|x64
		{F3D9F05A-BFA5-3EBE-A025-2F5341093E78}.MinSizeRel|x64.Build.0 = MinSizeRel|x64
		{F3D9F05A-BFA5-3EBE-A025-2F5341093E78}.RelWithDebInfo|x64.ActiveCfg = RelWithDebInfo|x64
		{F3D9F05A-BFA5-3EBE-A025-2F5341093E78}.RelWithDebInfo|x64.Build.0 = RelWithDebInfo|x64
		{7663DBF0-1F58-3030-BA60-D341608B5411}.Debug|x64.ActiveCfg = Debug|x64
		{7663DBF0-1F58-3030-BA60-D341608B5411}.Debug|x64.Build.0 = Debug|x64
		{7663DBF0-1F58-3030-BA60-D341608B5411}.Release|x64.ActiveCfg = Release|x64
		{7663DBF0-1F58-3030-BA60-D341608B5411}.Release|x64.Build.0 = Release|x64
		{7663DBF0-1F58-3030-BA60-D341608B5411}.MinSizeRel|x64.ActiveCfg = MinSizeRel|x64
		{7663DBF0-1F58-3030-BA60-D341608B5411}.MinSizeRel|x64.Build.0 = MinSizeRel|x64
		{7663DBF0-1F58-3030-BA60-D341608B5411}.RelWithDebInfo|x64.ActiveCfg = RelWithDebInfo|x64
		{7663DBF0-1F58-3030-BA60-D341608B5411}.RelWithDebInfo|x64.Build.0 = RelWithDebInfo|x64
		{F4242D5C-6520-3654-9F58-45948A66F0A2}.Debug|x64.ActiveCfg = Debug|x64
		{F4242D5C-6520-3654-9F58-45948A66F0A2}.Debug|x64.Build.0 = Debug|x64
		{F4242D5C-6520-3654-9F58-45948A66F0A2}.Release|x64.ActiveCfg = Release|x64
		{F4242D5C-6520-3654-9F58-45948A66F0A2}.Release|x64.Build.0 = Release|x64
		{F4242D5C-6520-3654-9F58-45948A66F0A2}.MinSizeRel|x64.ActiveCfg = MinSizeRel|x64
		{F4242D5C-6520-3654-9F58-45948A66F0A2}.MinSizeRel|x64.Build.0 = MinSizeRel|x64
		{F4242D5C-6520-3654-9F58-45948A66F0A2}.RelWithDebInfo|x64.ActiveCfg = RelWithDebInfo|x64
		{F4242D5C-6520-3654-9F58-45948A66F0A2}.RelWithDebInfo|x64.Build.0 = RelWithDebInfo|x64
		{EFD6DB63-F8F0-32F6-AD7B-E7444F2B8EFC}.Debug|x64.ActiveCfg = Debug|x64
		{EFD6DB63-F8F0-32F6-AD7B-E7444F2B8EFC}.Debug|x64.Build.0 = Debug|x64
		{EFD6DB63-F8F0-32F6-AD7B-E7444F2B8EFC}.Release|x64.ActiveCfg = Release|x64
		{EFD6DB63-F8F0-32F6-AD7B-E7444F2B8EFC}.Release|x64.Build.0 = Release|x64
		{EFD6DB63-F8F0-32F6-AD7B-E7444F2B8EFC}.MinSizeRel|x64.ActiveCfg = MinSizeRel|x64
		{EFD6DB63-F8F0-32F6-AD7B-E7444F2B8EFC}.MinSizeRel|x64.Build.0 = MinSizeRel|x64
		{EFD6DB63-F8F0-32F6-AD7B-E7444F2B8EFC}.RelWithDebInfo|x64.ActiveCfg = RelWithDebInfo|x64
		{EFD6DB63-F8F0-32F6-AD7B-E7444F2B8EFC}.RelWithDebInfo|x64.Build.0 = RelWithDebInfo|x64
		{35F4A5B1-EC21-3CB9-AB1D-10B41A82CB96}.Debug|x64.ActiveCfg = Debug|x64
		{35F4A5B1-EC21-3CB9-AB1D-10B41A82CB96}.Debug|x64.Build.0 = Debug|x64
		{35F4A5B1-EC21-3CB9-AB1D-10B41A82CB96}.Release|x64.ActiveCfg = Release|x64
		{35F4A5B1-EC21-3CB9-AB1D-10B41A82CB96}.Release|x64.Build.0 = Release|x64
		{35F4A5B1-EC21-3CB9-AB1D-10B41A82CB96}.MinSizeRel|x64.ActiveCfg = MinSizeRel|x64
		{35F4A5B1-EC21-3CB9-AB1D-10B41A82CB96}.MinSizeRel|x64.Build.0 = MinSizeRel|x64
		{35F4A5B1-EC21-3CB9-AB1D-10B41A82CB96}.RelWithDebInfo|x64.ActiveCfg = RelWithDebInfo|x64
		{35F4A5B1-EC21-3CB9-AB1D-10B41A82CB96}.RelWithDebInfo|x64.Build.0 = RelWithDebInfo|x64
		{FB816858-489B-3ACE-9410-6F7E644E72A0}.Debug|x64.ActiveCfg = Debug|x64
		{FB816858-489B-3ACE-9410-6F7E644E72A0}.Debug|x64.Build.0 = Debug|x64
		{FB816858-489B-3ACE-9410-6F7E644E72A0}.Release|x64.ActiveCfg = Release|x64
		{FB816858-489B-3ACE-9410-6F7E644E72A0}.Release|x64.Build.0 = Release|x64
		{FB816858-489B-3ACE-9410-6F7E644E72A0}.MinSizeRel|x64.ActiveCfg = MinSizeRel|x64
		{FB816858-489B-3ACE-9410-6F7E644E72A0}.MinSizeRel|x64.Build.0 = MinSizeRel|x64
		{FB816858-489B-3ACE-9410-6F7E644E72A0}.RelWithDebInfo|x64.ActiveCfg = RelWithDebInfo|x64
		{FB816858-489B-3ACE-9410-6F7E644E72A0}.RelWithDebInfo|x64.Build.0 = RelWithDebInfo|x64
		{5ACB9CD1-7FC0-3326-997C-B0B044CA9D8F}.Debug|x64.ActiveCfg = Debug|x64
		{5ACB9CD1-7FC0-3326-997C-B0B044CA9D8F}.Debug|x64.Build.0 = Debug|x64
		{5ACB9CD1-7FC0-3326-997C-B0B044CA9D8F}.Release|x64.ActiveCfg = Release|x64
		{5ACB9CD1-7FC0-3326-997C-B0B044CA9D8F}.Release|x64.Build.0 = Release|x64
		{5ACB9CD1-7FC0-3326-997C-B0B044CA9D8F}.MinSizeRel|x64.ActiveCfg = MinSizeRel|x64
		{5ACB9CD1-7FC0-3326-997C-B0B044CA9D8F}.MinSizeRel|x64.Build.0 = MinSizeRel|x64
		{5ACB9CD1-7FC0-3326-997C-B0B044CA9D8F}.RelWithDebInfo|x64.ActiveCfg = RelWithDebInfo|x64
		{5ACB9CD1-7FC0-3326-997C-B0B044CA9D8F}.RelWithDebInfo|x64.Build.0 = RelWithDebInfo|x64
		{E1488C29-C021-3B9E-92A2-5268576733DB}.Debug|x64.ActiveCfg = Debug|x64
		{E1488C29-C021-3B9E-92A2-5268576733DB}.Debug|x64.Build.0 = Debug|x64
		{E1488C29-C021-3B9E-92A2-5268576733DB}.Release|x64.ActiveCfg = Release|x64
		{E1488C29-C021-3B9E-92A2-5268576733DB}.Release|x64.Build.0 = Release|x64
		{E1488C29-C021-3B9E-92A2-5268576733DB}.MinSizeRel|x64.ActiveCfg = MinSizeRel|x64
		{E1488C29-C021-3B9E-92A2-5268576733DB}.MinSizeRel|x64.Build.0 = MinSizeRel|x64
		{E1488C29-C021-3B9E-92A2-5268576733DB}.RelWithDebInfo|x64.ActiveCfg = RelWithDebInfo|x64
		{E1488C29-C021-3B9E-92A2-5268576733DB}.RelWithDebInfo|x64.Build.0 = RelWithDebInfo|x64
	EndGlobalSection
	GlobalSection(ExtensibilityGlobals) = postSolution
	EndGlobalSection
	GlobalSection(ExtensibilityAddIns) = postSolution
	EndGlobalSection
EndGlobal
